
Microsoft Visual Studio Solution File, Format Version 12.00
# Visual Studio Version 16
VisualStudioVersion = 16.0.33027.164
MinimumVisualStudioVersion = 10.0.40219.1
Project("{8BC9CEB8-8B4A-11D0-8D11-00A0C91BC942}") = "801CarnetPuntos", "801CarnetPuntos\801CarnetPuntos.vcxproj", "{429117B4-01A1-4726-9352-FCFB551B0E29}"
EndProject
Project("{8BC9CEB8-8B4A-11D0-8D11-00A0C91BC942}") = "803EleccionesEXAMEN", "803EleccionesEXAMEN\803EleccionesEXAMEN.vcxproj", "{97D786EB-04A4-4307-8AFD-A6FDE32403FE}"
EndProject
Project("{8BC9CEB8-8B4A-11D0-8D11-00A0C91BC942}") = "806CarnetPuntos2", "806CanetPuntos2\806CanetPuntos2.vcxproj", "{A7A03C71-DA74-4728-884E-EBFAEB609DFD}"
EndProject
Project("{8BC9CEB8-8B4A-11D0-8D11-00A0C91BC942}") = "807Ipud", "807Ipud\807Ipud.vcxproj", "{1FBBDC7D-AE0C-4096-AD1C-B4F9900556C6}"
EndProject
Project("{8BC9CEB8-8B4A-11D0-8D11-00A0C91BC942}") = "312ConciertoEXAMEN", "312ConciertoEXAMEN\312ConciertoEXAMEN.vcxproj", "{DED3E3C9-5695-4D26-9EB6-4AF315991579}"
EndProject
Project("{8BC9CEB8-8B4A-11D0-8D11-00A0C91BC942}") = "313Supermercado", "313Supermercado\313Supermercado.vcxproj", "{0B71B0DF-80FD-49EF-8754-0D6FEF391A02}"
EndProject
Project("{8BC9CEB8-8B4A-11D0-8D11-00A0C91BC942}") = "315Casanova", "315Casanova\315Casanova.vcxproj", "{5F4500D9-3D04-4F9E-93BB-CE845E0CECD4}"
EndProject
Project("{8BC9CEB8-8B4A-11D0-8D11-00A0C91BC942}") = "Ex23Ej3", "Ex23Ej3\Ex23Ej3.vcxproj", "{E1C5E1BB-C17F-4370-BD55-A0513E69BDC0}"
EndProject
Project("{8BC9CEB8-8B4A-11D0-8D11-00A0C91BC942}") = "Ex23Ej2", "Ex23Ej2\Ex23Ej2.vcxproj", "{BBC8EAC8-1874-4C8F-A091-92498BCF15EF}"
EndProject
Project("{8BC9CEB8-8B4A-11D0-8D11-00A0C91BC942}") = "Ex23Ej1", "Ex23Ej1\Ex23Ej1.vcxproj", "{21D8D044-A103-4A0E-B89A-AD5C7D9A271A}"
EndProject
Project("{8BC9CEB8-8B4A-11D0-8D11-00A0C91BC942}") = "JUNIOEj1", "JUNIOEj1\JUNIOEj1.vcxproj", "{A9E810B2-70A5-4F91-87F6-F2F7408D3DF7}"
EndProject
Project("{8BC9CEB8-8B4A-11D0-8D11-00A0C91BC942}") = "JUNIOEj2", "JUNIOEj2\JUNIOEj2.vcxproj", "{9E6B52C0-5C78-4C27-A3C3-E987519D9F8D}"
EndProject
Project("{8BC9CEB8-8B4A-11D0-8D11-00A0C91BC942}") = "JUNIOEj3", "JUNIOEj3\JUNIOEj3.vcxproj", "{1DE3EB81-93BF-4229-A994-09D415FE252F}"
EndProject
Global
	GlobalSection(SolutionConfigurationPlatforms) = preSolution
		Debug|x64 = Debug|x64
		Debug|x86 = Debug|x86
		Release|x64 = Release|x64
		Release|x86 = Release|x86
	EndGlobalSection
	GlobalSection(ProjectConfigurationPlatforms) = postSolution
		{429117B4-01A1-4726-9352-FCFB551B0E29}.Debug|x64.ActiveCfg = Debug|x64
		{429117B4-01A1-4726-9352-FCFB551B0E29}.Debug|x64.Build.0 = Debug|x64
		{429117B4-01A1-4726-9352-FCFB551B0E29}.Debug|x86.ActiveCfg = Debug|Win32
		{429117B4-01A1-4726-9352-FCFB551B0E29}.Debug|x86.Build.0 = Debug|Win32
		{429117B4-01A1-4726-9352-FCFB551B0E29}.Release|x64.ActiveCfg = Release|x64
		{429117B4-01A1-4726-9352-FCFB551B0E29}.Release|x64.Build.0 = Release|x64
		{429117B4-01A1-4726-9352-FCFB551B0E29}.Release|x86.ActiveCfg = Release|Win32
		{429117B4-01A1-4726-9352-FCFB551B0E29}.Release|x86.Build.0 = Release|Win32
		{97D786EB-04A4-4307-8AFD-A6FDE32403FE}.Debug|x64.ActiveCfg = Debug|x64
		{97D786EB-04A4-4307-8AFD-A6FDE32403FE}.Debug|x64.Build.0 = Debug|x64
		{97D786EB-04A4-4307-8AFD-A6FDE32403FE}.Debug|x86.ActiveCfg = Debug|Win32
		{97D786EB-04A4-4307-8AFD-A6FDE32403FE}.Debug|x86.Build.0 = Debug|Win32
		{97D786EB-04A4-4307-8AFD-A6FDE32403FE}.Release|x64.ActiveCfg = Release|x64
		{97D786EB-04A4-4307-8AFD-A6FDE32403FE}.Release|x64.Build.0 = Release|x64
		{97D786EB-04A4-4307-8AFD-A6FDE32403FE}.Release|x86.ActiveCfg = Release|Win32
		{97D786EB-04A4-4307-8AFD-A6FDE32403FE}.Release|x86.Build.0 = Release|Win32
		{A7A03C71-DA74-4728-884E-EBFAEB609DFD}.Debug|x64.ActiveCfg = Debug|x64
		{A7A03C71-DA74-4728-884E-EBFAEB609DFD}.Debug|x64.Build.0 = Debug|x64
		{A7A03C71-DA74-4728-884E-EBFAEB609DFD}.Debug|x86.ActiveCfg = Debug|Win32
		{A7A03C71-DA74-4728-884E-EBFAEB609DFD}.Debug|x86.Build.0 = Debug|Win32
		{A7A03C71-DA74-4728-884E-EBFAEB609DFD}.Release|x64.ActiveCfg = Release|x64
		{A7A03C71-DA74-4728-884E-EBFAEB609DFD}.Release|x64.Build.0 = Release|x64
		{A7A03C71-DA74-4728-884E-EBFAEB609DFD}.Release|x86.ActiveCfg = Release|Win32
		{A7A03C71-DA74-4728-884E-EBFAEB609DFD}.Release|x86.Build.0 = Release|Win32
		{1FBBDC7D-AE0C-4096-AD1C-B4F9900556C6}.Debug|x64.ActiveCfg = Debug|x64
		{1FBBDC7D-AE0C-4096-AD1C-B4F9900556C6}.Debug|x64.Build.0 = Debug|x64
		{1FBBDC7D-AE0C-4096-AD1C-B4F9900556C6}.Debug|x86.ActiveCfg = Debug|Win32
		{1FBBDC7D-AE0C-4096-AD1C-B4F9900556C6}.Debug|x86.Build.0 = Debug|Win32
		{1FBBDC7D-AE0C-4096-AD1C-B4F9900556C6}.Release|x64.ActiveCfg = Release|x64
		{1FBBDC7D-AE0C-4096-AD1C-B4F9900556C6}.Release|x64.Build.0 = Release|x64
		{1FBBDC7D-AE0C-4096-AD1C-B4F9900556C6}.Release|x86.ActiveCfg = Release|Win32
		{1FBBDC7D-AE0C-4096-AD1C-B4F9900556C6}.Release|x86.Build.0 = Release|Win32
		{DED3E3C9-5695-4D26-9EB6-4AF315991579}.Debug|x64.ActiveCfg = Debug|x64
		{DED3E3C9-5695-4D26-9EB6-4AF315991579}.Debug|x64.Build.0 = Debug|x64
		{DED3E3C9-5695-4D26-9EB6-4AF315991579}.Debug|x86.ActiveCfg = Debug|Win32
		{DED3E3C9-5695-4D26-9EB6-4AF315991579}.Debug|x86.Build.0 = Debug|Win32
		{DED3E3C9-5695-4D26-9EB6-4AF315991579}.Release|x64.ActiveCfg = Release|x64
		{DED3E3C9-5695-4D26-9EB6-4AF315991579}.Release|x64.Build.0 = Release|x64
		{DED3E3C9-5695-4D26-9EB6-4AF315991579}.Release|x86.ActiveCfg = Release|Win32
		{DED3E3C9-5695-4D26-9EB6-4AF315991579}.Release|x86.Build.0 = Release|Win32
		{0B71B0DF-80FD-49EF-8754-0D6FEF391A02}.Debug|x64.ActiveCfg = Debug|x64
		{0B71B0DF-80FD-49EF-8754-0D6FEF391A02}.Debug|x64.Build.0 = Debug|x64
		{0B71B0DF-80FD-49EF-8754-0D6FEF391A02}.Debug|x86.ActiveCfg = Debug|Win32
		{0B71B0DF-80FD-49EF-8754-0D6FEF391A02}.Debug|x86.Build.0 = Debug|Win32
		{0B71B0DF-80FD-49EF-8754-0D6FEF391A02}.Release|x64.ActiveCfg = Release|x64
		{0B71B0DF-80FD-49EF-8754-0D6FEF391A02}.Release|x64.Build.0 = Release|x64
		{0B71B0DF-80FD-49EF-8754-0D6FEF391A02}.Release|x86.ActiveCfg = Release|Win32
		{0B71B0DF-80FD-49EF-8754-0D6FEF391A02}.Release|x86.Build.0 = Release|Win32
		{5F4500D9-3D04-4F9E-93BB-CE845E0CECD4}.Debug|x64.ActiveCfg = Debug|x64
		{5F4500D9-3D04-4F9E-93BB-CE845E0CECD4}.Debug|x64.Build.0 = Debug|x64
		{5F4500D9-3D04-4F9E-93BB-CE845E0CECD4}.Debug|x86.ActiveCfg = Debug|Win32
		{5F4500D9-3D04-4F9E-93BB-CE845E0CECD4}.Debug|x86.Build.0 = Debug|Win32
		{5F4500D9-3D04-4F9E-93BB-CE845E0CECD4}.Release|x64.ActiveCfg = Release|x64
		{5F4500D9-3D04-4F9E-93BB-CE845E0CECD4}.Release|x64.Build.0 = Release|x64
		{5F4500D9-3D04-4F9E-93BB-CE845E0CECD4}.Release|x86.ActiveCfg = Release|Win32
		{5F4500D9-3D04-4F9E-93BB-CE845E0CECD4}.Release|x86.Build.0 = Release|Win32
		{E1C5E1BB-C17F-4370-BD55-A0513E69BDC0}.Debug|x64.ActiveCfg = Debug|x64
		{E1C5E1BB-C17F-4370-BD55-A0513E69BDC0}.Debug|x64.Build.0 = Debug|x64
		{E1C5E1BB-C17F-4370-BD55-A0513E69BDC0}.Debug|x86.ActiveCfg = Debug|Win32
		{E1C5E1BB-C17F-4370-BD55-A0513E69BDC0}.Debug|x86.Build.0 = Debug|Win32
		{E1C5E1BB-C17F-4370-BD55-A0513E69BDC0}.Release|x64.ActiveCfg = Release|x64
		{E1C5E1BB-C17F-4370-BD55-A0513E69BDC0}.Release|x64.Build.0 = Release|x64
		{E1C5E1BB-C17F-4370-BD55-A0513E69BDC0}.Release|x86.ActiveCfg = Release|Win32
		{E1C5E1BB-C17F-4370-BD55-A0513E69BDC0}.Release|x86.Build.0 = Release|Win32
		{BBC8EAC8-1874-4C8F-A091-92498BCF15EF}.Debug|x64.ActiveCfg = Debug|x64
		{BBC8EAC8-1874-4C8F-A091-92498BCF15EF}.Debug|x64.Build.0 = Debug|x64
		{BBC8EAC8-1874-4C8F-A091-92498BCF15EF}.Debug|x86.ActiveCfg = Debug|Win32
		{BBC8EAC8-1874-4C8F-A091-92498BCF15EF}.Debug|x86.Build.0 = Debug|Win32
		{BBC8EAC8-1874-4C8F-A091-92498BCF15EF}.Release|x64.ActiveCfg = Release|x64
		{BBC8EAC8-1874-4C8F-A091-92498BCF15EF}.Release|x64.Build.0 = Release|x64
		{BBC8EAC8-1874-4C8F-A091-92498BCF15EF}.Release|x86.ActiveCfg = Release|Win32
		{BBC8EAC8-1874-4C8F-A091-92498BCF15EF}.Release|x86.Build.0 = Release|Win32
		{21D8D044-A103-4A0E-B89A-AD5C7D9A271A}.Debug|x64.ActiveCfg = Debug|x64
		{21D8D044-A103-4A0E-B89A-AD5C7D9A271A}.Debug|x64.Build.0 = Debug|x64
		{21D8D044-A103-4A0E-B89A-AD5C7D9A271A}.Debug|x86.ActiveCfg = Debug|Win32
		{21D8D044-A103-4A0E-B89A-AD5C7D9A271A}.Debug|x86.Build.0 = Debug|Win32
		{21D8D044-A103-4A0E-B89A-AD5C7D9A271A}.Release|x64.ActiveCfg = Release|x64
		{21D8D044-A103-4A0E-B89A-AD5C7D9A271A}.Release|x64.Build.0 = Release|x64
		{21D8D044-A103-4A0E-B89A-AD5C7D9A271A}.Release|x86.ActiveCfg = Release|Win32
		{21D8D044-A103-4A0E-B89A-AD5C7D9A271A}.Release|x86.Build.0 = Release|Win32
		{A9E810B2-70A5-4F91-87F6-F2F7408D3DF7}.Debug|x64.ActiveCfg = Debug|x64
		{A9E810B2-70A5-4F91-87F6-F2F7408D3DF7}.Debug|x64.Build.0 = Debug|x64
		{A9E810B2-70A5-4F91-87F6-F2F7408D3DF7}.Debug|x86.ActiveCfg = Debug|Win32
		{A9E810B2-70A5-4F91-87F6-F2F7408D3DF7}.Debug|x86.Build.0 = Debug|Win32
		{A9E810B2-70A5-4F91-87F6-F2F7408D3DF7}.Release|x64.ActiveCfg = Release|x64
		{A9E810B2-70A5-4F91-87F6-F2F7408D3DF7}.Release|x64.Build.0 = Release|x64
		{A9E810B2-70A5-4F91-87F6-F2F7408D3DF7}.Release|x86.ActiveCfg = Release|Win32
		{A9E810B2-70A5-4F91-87F6-F2F7408D3DF7}.Release|x86.Build.0 = Release|Win32
		{9E6B52C0-5C78-4C27-A3C3-E987519D9F8D}.Debug|x64.ActiveCfg = Debug|x64
		{9E6B52C0-5C78-4C27-A3C3-E987519D9F8D}.Debug|x64.Build.0 = Debug|x64
		{9E6B52C0-5C78-4C27-A3C3-E987519D9F8D}.Debug|x86.ActiveCfg = Debug|Win32
		{9E6B52C0-5C78-4C27-A3C3-E987519D9F8D}.Debug|x86.Build.0 = Debug|Win32
		{9E6B52C0-5C78-4C27-A3C3-E987519D9F8D}.Release|x64.ActiveCfg = Release|x64
		{9E6B52C0-5C78-4C27-A3C3-E987519D9F8D}.Release|x64.Build.0 = Release|x64
		{9E6B52C0-5C78-4C27-A3C3-E987519D9F8D}.Release|x86.ActiveCfg = Release|Win32
		{9E6B52C0-5C78-4C27-A3C3-E987519D9F8D}.Release|x86.Build.0 = Release|Win32
		{1DE3EB81-93BF-4229-A994-09D415FE252F}.Debug|x64.ActiveCfg = Debug|x64
		{1DE3EB81-93BF-4229-A994-09D415FE252F}.Debug|x64.Build.0 = Debug|x64
		{1DE3EB81-93BF-4229-A994-09D415FE252F}.Debug|x86.ActiveCfg = Debug|Win32
		{1DE3EB81-93BF-4229-A994-09D415FE252F}.Debug|x86.Build.0 = Debug|Win32
		{1DE3EB81-93BF-4229-A994-09D415FE252F}.Release|x64.ActiveCfg = Release|x64
		{1DE3EB81-93BF-4229-A994-09D415FE252F}.Release|x64.Build.0 = Release|x64
		{1DE3EB81-93BF-4229-A994-09D415FE252F}.Release|x86.ActiveCfg = Release|Win32
		{1DE3EB81-93BF-4229-A994-09D415FE252F}.Release|x86.Build.0 = Release|Win32
	EndGlobalSection
	GlobalSection(SolutionProperties) = preSolution
		HideSolutionNode = FALSE
	EndGlobalSection
	GlobalSection(ExtensibilityGlobals) = postSolution
		SolutionGuid = {931244C1-69F4-4E75-B3DC-5D76CC534B97}
	EndGlobalSection
EndGlobal
