
Microsoft Visual Studio Solution File, Format Version 12.00
# Visual Studio Version 16
VisualStudioVersion = 16.0.31424.327
MinimumVisualStudioVersion = 10.0.40219.1
Project("{8BC9CEB8-8B4A-11D0-8D11-00A0C91BC942}") = "11Dalton", "11Dalton\11Dalton.vcxproj", "{79710553-8064-4AED-86E3-33541F963C97}"
EndProject
Project("{8BC9CEB8-8B4A-11D0-8D11-00A0C91BC942}") = "12Temperaturas", "12Temperaturas\12Temperaturas.vcxproj", "{784C8627-4502-4076-9561-BD8018E86F96}"
EndProject
Project("{8BC9CEB8-8B4A-11D0-8D11-00A0C91BC942}") = "24Anagramas", "24Anagramas\24Anagramas.vcxproj", "{3F2602FF-2219-4652-B4AF-C5AB9CE40726}"
EndProject
Project("{8BC9CEB8-8B4A-11D0-8D11-00A0C91BC942}") = "01HelloWorld", "01HelloWorld\01HelloWorld.vcxproj", "{58B19CB1-2AC9-4EE9-932E-C5901C10F72E}"
EndProject
Project("{8BC9CEB8-8B4A-11D0-8D11-00A0C91BC942}") = "0aDuplicador", "0aDuplicador\0aDuplicador.vcxproj", "{A3094155-F47A-43C5-9900-1B69BC3C9469}"
EndProject
Project("{8BC9CEB8-8B4A-11D0-8D11-00A0C91BC942}") = "0bDuplicador", "0bDuplicador\0bDuplicador.vcxproj", "{DFC648F9-D74E-4139-88F7-418CBE77B385}"
EndProject
Project("{8BC9CEB8-8B4A-11D0-8D11-00A0C91BC942}") = "13Division", "13Division\13Division.vcxproj", "{F62E91A0-64DD-482B-8828-BA9152107009}"
EndProject
Project("{8BC9CEB8-8B4A-11D0-8D11-00A0C91BC942}") = "21Complementarios", "21Complementarios\21Complementarios.vcxproj", "{CCBEF650-1E33-40BE-A95C-05F8EA1CD20F}"
EndProject
Project("{8BC9CEB8-8B4A-11D0-8D11-00A0C91BC942}") = "23ParcialOrdenado", "23ParcialOrdenado\23ParcialOrdenado.vcxproj", "{08132BA5-468E-4B67-B639-595FA2395D3D}"
EndProject
Project("{8BC9CEB8-8B4A-11D0-8D11-00A0C91BC942}") = "210ElementoPerdido", "210ElementoPerdido\210ElementoPerdido.vcxproj", "{442FB211-6633-4931-B29A-45862B7A0EDE}"
EndProject
Project("{8BC9CEB8-8B4A-11D0-8D11-00A0C91BC942}") = "22SuficienteDisperso", "22SuficienteDisperso\22SuficienteDisperso.vcxproj", "{4BD14E45-F1B9-4555-B71D-1F09EECEA850}"
EndProject
Project("{8BC9CEB8-8B4A-11D0-8D11-00A0C91BC942}") = "317Concierto", "317Concierto\317Concierto.vcxproj", "{7E3BDFBA-48E5-4FCE-A02E-0B1B858464B6}"
EndProject
Project("{8BC9CEB8-8B4A-11D0-8D11-00A0C91BC942}") = "405MenoresSet", "405MenoresSet\405MenoresSet.vcxproj", "{CA3E9493-6B9F-4EAA-9E17-6F6FB4A277EA}"
EndProject
Project("{8BC9CEB8-8B4A-11D0-8D11-00A0C91BC942}") = "406Contiene", "406Contiene\406Contiene.vcxproj", "{AF803D5B-212D-4B7C-B82B-D0EB4F0C7449}"
EndProject
Project("{8BC9CEB8-8B4A-11D0-8D11-00A0C91BC942}") = "610ArbolesZurdos", "610ArbolesZurdos\610ArbolesZurdos.vcxproj", "{DD29D479-2F1A-4F04-BA9B-1A3E5C4A97A8}"
EndProject
Project("{8BC9CEB8-8B4A-11D0-8D11-00A0C91BC942}") = "612Aguaslimpias", "612Aguaslimpias\612Aguaslimpias.vcxproj", "{24ACC40D-FE1D-4507-87FA-DC535097AD7C}"
EndProject
Project("{8BC9CEB8-8B4A-11D0-8D11-00A0C91BC942}") = "808Elecciones", "808Elecciones\808Elecciones.vcxproj", "{DD8FAA57-C603-43E8-A2D1-1594CD310062}"
EndProject
Project("{8BC9CEB8-8B4A-11D0-8D11-00A0C91BC942}") = "308SantaClaus", "308SantaClaus\308SantaClaus.vcxproj", "{F9080ECC-699B-4F14-BE39-AF1937E78F00}"
EndProject
Project("{8BC9CEB8-8B4A-11D0-8D11-00A0C91BC942}") = "319Casanova", "319Casanova\319Casanova.vcxproj", "{6FB90168-1C59-4F6E-8705-94548B95AFAA}"
EndProject
Project("{8BC9CEB8-8B4A-11D0-8D11-00A0C91BC942}") = "15ComparaListaOrdenados", "15ComparaListaOrdenados\15ComparaListaOrdenados.vcxproj", "{667A9293-F863-4E51-94B0-442ED09ABF39}"
EndProject
Project("{8BC9CEB8-8B4A-11D0-8D11-00A0C91BC942}") = "211", "211\211.vcxproj", "{3C1165EB-56FE-44E2-A383-670B8F332C37}"
EndProject
Project("{8BC9CEB8-8B4A-11D0-8D11-00A0C91BC942}") = "16Rescate", "16Rescate\16Rescate.vcxproj", "{67E5042B-B1DA-4900-AE30-9EB5E77317D3}"
EndProject
Project("{8BC9CEB8-8B4A-11D0-8D11-00A0C91BC942}") = "406MenoresSet", "406MenoresSet\406MenoresSet.vcxproj", "{DA38D76F-2DBE-4BF5-8C83-C6E2A6CB9E7E}"
EndProject
Project("{8BC9CEB8-8B4A-11D0-8D11-00A0C91BC942}") = "505ColaPepsiCola", "505ColaPepsiCola\505ColaPepsiCola.vcxproj", "{51C392F9-20F7-470F-8372-A72CFD5C86CD}"
EndProject
Project("{8BC9CEB8-8B4A-11D0-8D11-00A0C91BC942}") = "506DuplicarElementos", "506DuplicarElementos\506DuplicarElementos.vcxproj", "{CEFC275A-BDE6-40A8-99D4-47A86A0BFE00}"
EndProject
Project("{8BC9CEB8-8B4A-11D0-8D11-00A0C91BC942}") = "513EliminarAparicionesLista", "513EliminarAparicionesLista\513EliminarAparicionesLista.vcxproj", "{9CBFDCB8-B2B4-4CAD-8ABE-DC20069C5B63}"
EndProject
Project("{8BC9CEB8-8B4A-11D0-8D11-00A0C91BC942}") = "514InvertirSegmento", "514InvertirSegmento\514InvertirSegmento.vcxproj", "{7B81D913-5111-4268-992E-311178CF5577}"
EndProject
Global
	GlobalSection(SolutionConfigurationPlatforms) = preSolution
		Debug|x64 = Debug|x64
		Debug|x86 = Debug|x86
		Release|x64 = Release|x64
		Release|x86 = Release|x86
	EndGlobalSection
	GlobalSection(ProjectConfigurationPlatforms) = postSolution
		{79710553-8064-4AED-86E3-33541F963C97}.Debug|x64.ActiveCfg = Debug|x64
		{79710553-8064-4AED-86E3-33541F963C97}.Debug|x64.Build.0 = Debug|x64
		{79710553-8064-4AED-86E3-33541F963C97}.Debug|x86.ActiveCfg = Debug|Win32
		{79710553-8064-4AED-86E3-33541F963C97}.Debug|x86.Build.0 = Debug|Win32
		{79710553-8064-4AED-86E3-33541F963C97}.Release|x64.ActiveCfg = Release|x64
		{79710553-8064-4AED-86E3-33541F963C97}.Release|x64.Build.0 = Release|x64
		{79710553-8064-4AED-86E3-33541F963C97}.Release|x86.ActiveCfg = Release|Win32
		{79710553-8064-4AED-86E3-33541F963C97}.Release|x86.Build.0 = Release|Win32
		{784C8627-4502-4076-9561-BD8018E86F96}.Debug|x64.ActiveCfg = Debug|x64
		{784C8627-4502-4076-9561-BD8018E86F96}.Debug|x64.Build.0 = Debug|x64
		{784C8627-4502-4076-9561-BD8018E86F96}.Debug|x86.ActiveCfg = Debug|Win32
		{784C8627-4502-4076-9561-BD8018E86F96}.Debug|x86.Build.0 = Debug|Win32
		{784C8627-4502-4076-9561-BD8018E86F96}.Release|x64.ActiveCfg = Release|x64
		{784C8627-4502-4076-9561-BD8018E86F96}.Release|x64.Build.0 = Release|x64
		{784C8627-4502-4076-9561-BD8018E86F96}.Release|x86.ActiveCfg = Release|Win32
		{784C8627-4502-4076-9561-BD8018E86F96}.Release|x86.Build.0 = Release|Win32
		{3F2602FF-2219-4652-B4AF-C5AB9CE40726}.Debug|x64.ActiveCfg = Debug|x64
		{3F2602FF-2219-4652-B4AF-C5AB9CE40726}.Debug|x64.Build.0 = Debug|x64
		{3F2602FF-2219-4652-B4AF-C5AB9CE40726}.Debug|x86.ActiveCfg = Debug|Win32
		{3F2602FF-2219-4652-B4AF-C5AB9CE40726}.Debug|x86.Build.0 = Debug|Win32
		{3F2602FF-2219-4652-B4AF-C5AB9CE40726}.Release|x64.ActiveCfg = Release|x64
		{3F2602FF-2219-4652-B4AF-C5AB9CE40726}.Release|x64.Build.0 = Release|x64
		{3F2602FF-2219-4652-B4AF-C5AB9CE40726}.Release|x86.ActiveCfg = Release|Win32
		{3F2602FF-2219-4652-B4AF-C5AB9CE40726}.Release|x86.Build.0 = Release|Win32
		{58B19CB1-2AC9-4EE9-932E-C5901C10F72E}.Debug|x64.ActiveCfg = Debug|x64
		{58B19CB1-2AC9-4EE9-932E-C5901C10F72E}.Debug|x64.Build.0 = Debug|x64
		{58B19CB1-2AC9-4EE9-932E-C5901C10F72E}.Debug|x86.ActiveCfg = Debug|Win32
		{58B19CB1-2AC9-4EE9-932E-C5901C10F72E}.Debug|x86.Build.0 = Debug|Win32
		{58B19CB1-2AC9-4EE9-932E-C5901C10F72E}.Release|x64.ActiveCfg = Release|x64
		{58B19CB1-2AC9-4EE9-932E-C5901C10F72E}.Release|x64.Build.0 = Release|x64
		{58B19CB1-2AC9-4EE9-932E-C5901C10F72E}.Release|x86.ActiveCfg = Release|Win32
		{58B19CB1-2AC9-4EE9-932E-C5901C10F72E}.Release|x86.Build.0 = Release|Win32
		{A3094155-F47A-43C5-9900-1B69BC3C9469}.Debug|x64.ActiveCfg = Debug|x64
		{A3094155-F47A-43C5-9900-1B69BC3C9469}.Debug|x64.Build.0 = Debug|x64
		{A3094155-F47A-43C5-9900-1B69BC3C9469}.Debug|x86.ActiveCfg = Debug|Win32
		{A3094155-F47A-43C5-9900-1B69BC3C9469}.Debug|x86.Build.0 = Debug|Win32
		{A3094155-F47A-43C5-9900-1B69BC3C9469}.Release|x64.ActiveCfg = Release|x64
		{A3094155-F47A-43C5-9900-1B69BC3C9469}.Release|x64.Build.0 = Release|x64
		{A3094155-F47A-43C5-9900-1B69BC3C9469}.Release|x86.ActiveCfg = Release|Win32
		{A3094155-F47A-43C5-9900-1B69BC3C9469}.Release|x86.Build.0 = Release|Win32
		{DFC648F9-D74E-4139-88F7-418CBE77B385}.Debug|x64.ActiveCfg = Debug|x64
		{DFC648F9-D74E-4139-88F7-418CBE77B385}.Debug|x64.Build.0 = Debug|x64
		{DFC648F9-D74E-4139-88F7-418CBE77B385}.Debug|x86.ActiveCfg = Debug|Win32
		{DFC648F9-D74E-4139-88F7-418CBE77B385}.Debug|x86.Build.0 = Debug|Win32
		{DFC648F9-D74E-4139-88F7-418CBE77B385}.Release|x64.ActiveCfg = Release|x64
		{DFC648F9-D74E-4139-88F7-418CBE77B385}.Release|x64.Build.0 = Release|x64
		{DFC648F9-D74E-4139-88F7-418CBE77B385}.Release|x86.ActiveCfg = Release|Win32
		{DFC648F9-D74E-4139-88F7-418CBE77B385}.Release|x86.Build.0 = Release|Win32
		{F62E91A0-64DD-482B-8828-BA9152107009}.Debug|x64.ActiveCfg = Debug|x64
		{F62E91A0-64DD-482B-8828-BA9152107009}.Debug|x64.Build.0 = Debug|x64
		{F62E91A0-64DD-482B-8828-BA9152107009}.Debug|x86.ActiveCfg = Debug|Win32
		{F62E91A0-64DD-482B-8828-BA9152107009}.Debug|x86.Build.0 = Debug|Win32
		{F62E91A0-64DD-482B-8828-BA9152107009}.Release|x64.ActiveCfg = Release|x64
		{F62E91A0-64DD-482B-8828-BA9152107009}.Release|x64.Build.0 = Release|x64
		{F62E91A0-64DD-482B-8828-BA9152107009}.Release|x86.ActiveCfg = Release|Win32
		{F62E91A0-64DD-482B-8828-BA9152107009}.Release|x86.Build.0 = Release|Win32
		{CCBEF650-1E33-40BE-A95C-05F8EA1CD20F}.Debug|x64.ActiveCfg = Debug|x64
		{CCBEF650-1E33-40BE-A95C-05F8EA1CD20F}.Debug|x64.Build.0 = Debug|x64
		{CCBEF650-1E33-40BE-A95C-05F8EA1CD20F}.Debug|x86.ActiveCfg = Debug|Win32
		{CCBEF650-1E33-40BE-A95C-05F8EA1CD20F}.Debug|x86.Build.0 = Debug|Win32
		{CCBEF650-1E33-40BE-A95C-05F8EA1CD20F}.Release|x64.ActiveCfg = Release|x64
		{CCBEF650-1E33-40BE-A95C-05F8EA1CD20F}.Release|x64.Build.0 = Release|x64
		{CCBEF650-1E33-40BE-A95C-05F8EA1CD20F}.Release|x86.ActiveCfg = Release|Win32
		{CCBEF650-1E33-40BE-A95C-05F8EA1CD20F}.Release|x86.Build.0 = Release|Win32
		{08132BA5-468E-4B67-B639-595FA2395D3D}.Debug|x64.ActiveCfg = Debug|x64
		{08132BA5-468E-4B67-B639-595FA2395D3D}.Debug|x64.Build.0 = Debug|x64
		{08132BA5-468E-4B67-B639-595FA2395D3D}.Debug|x86.ActiveCfg = Debug|Win32
		{08132BA5-468E-4B67-B639-595FA2395D3D}.Debug|x86.Build.0 = Debug|Win32
		{08132BA5-468E-4B67-B639-595FA2395D3D}.Release|x64.ActiveCfg = Release|x64
		{08132BA5-468E-4B67-B639-595FA2395D3D}.Release|x64.Build.0 = Release|x64
		{08132BA5-468E-4B67-B639-595FA2395D3D}.Release|x86.ActiveCfg = Release|Win32
		{08132BA5-468E-4B67-B639-595FA2395D3D}.Release|x86.Build.0 = Release|Win32
		{442FB211-6633-4931-B29A-45862B7A0EDE}.Debug|x64.ActiveCfg = Debug|x64
		{442FB211-6633-4931-B29A-45862B7A0EDE}.Debug|x64.Build.0 = Debug|x64
		{442FB211-6633-4931-B29A-45862B7A0EDE}.Debug|x86.ActiveCfg = Debug|Win32
		{442FB211-6633-4931-B29A-45862B7A0EDE}.Debug|x86.Build.0 = Debug|Win32
		{442FB211-6633-4931-B29A-45862B7A0EDE}.Release|x64.ActiveCfg = Release|x64
		{442FB211-6633-4931-B29A-45862B7A0EDE}.Release|x64.Build.0 = Release|x64
		{442FB211-6633-4931-B29A-45862B7A0EDE}.Release|x86.ActiveCfg = Release|Win32
		{442FB211-6633-4931-B29A-45862B7A0EDE}.Release|x86.Build.0 = Release|Win32
		{4BD14E45-F1B9-4555-B71D-1F09EECEA850}.Debug|x64.ActiveCfg = Debug|x64
		{4BD14E45-F1B9-4555-B71D-1F09EECEA850}.Debug|x64.Build.0 = Debug|x64
		{4BD14E45-F1B9-4555-B71D-1F09EECEA850}.Debug|x86.ActiveCfg = Debug|Win32
		{4BD14E45-F1B9-4555-B71D-1F09EECEA850}.Debug|x86.Build.0 = Debug|Win32
		{4BD14E45-F1B9-4555-B71D-1F09EECEA850}.Release|x64.ActiveCfg = Release|x64
		{4BD14E45-F1B9-4555-B71D-1F09EECEA850}.Release|x64.Build.0 = Release|x64
		{4BD14E45-F1B9-4555-B71D-1F09EECEA850}.Release|x86.ActiveCfg = Release|Win32
		{4BD14E45-F1B9-4555-B71D-1F09EECEA850}.Release|x86.Build.0 = Release|Win32
		{7E3BDFBA-48E5-4FCE-A02E-0B1B858464B6}.Debug|x64.ActiveCfg = Debug|x64
		{7E3BDFBA-48E5-4FCE-A02E-0B1B858464B6}.Debug|x64.Build.0 = Debug|x64
		{7E3BDFBA-48E5-4FCE-A02E-0B1B858464B6}.Debug|x86.ActiveCfg = Debug|Win32
		{7E3BDFBA-48E5-4FCE-A02E-0B1B858464B6}.Debug|x86.Build.0 = Debug|Win32
		{7E3BDFBA-48E5-4FCE-A02E-0B1B858464B6}.Release|x64.ActiveCfg = Release|x64
		{7E3BDFBA-48E5-4FCE-A02E-0B1B858464B6}.Release|x64.Build.0 = Release|x64
		{7E3BDFBA-48E5-4FCE-A02E-0B1B858464B6}.Release|x86.ActiveCfg = Release|Win32
		{7E3BDFBA-48E5-4FCE-A02E-0B1B858464B6}.Release|x86.Build.0 = Release|Win32
		{CA3E9493-6B9F-4EAA-9E17-6F6FB4A277EA}.Debug|x64.ActiveCfg = Debug|x64
		{CA3E9493-6B9F-4EAA-9E17-6F6FB4A277EA}.Debug|x64.Build.0 = Debug|x64
		{CA3E9493-6B9F-4EAA-9E17-6F6FB4A277EA}.Debug|x86.ActiveCfg = Debug|Win32
		{CA3E9493-6B9F-4EAA-9E17-6F6FB4A277EA}.Debug|x86.Build.0 = Debug|Win32
		{CA3E9493-6B9F-4EAA-9E17-6F6FB4A277EA}.Release|x64.ActiveCfg = Release|x64
		{CA3E9493-6B9F-4EAA-9E17-6F6FB4A277EA}.Release|x64.Build.0 = Release|x64
		{CA3E9493-6B9F-4EAA-9E17-6F6FB4A277EA}.Release|x86.ActiveCfg = Release|Win32
		{CA3E9493-6B9F-4EAA-9E17-6F6FB4A277EA}.Release|x86.Build.0 = Release|Win32
		{AF803D5B-212D-4B7C-B82B-D0EB4F0C7449}.Debug|x64.ActiveCfg = Debug|x64
		{AF803D5B-212D-4B7C-B82B-D0EB4F0C7449}.Debug|x64.Build.0 = Debug|x64
		{AF803D5B-212D-4B7C-B82B-D0EB4F0C7449}.Debug|x86.ActiveCfg = Debug|Win32
		{AF803D5B-212D-4B7C-B82B-D0EB4F0C7449}.Debug|x86.Build.0 = Debug|Win32
		{AF803D5B-212D-4B7C-B82B-D0EB4F0C7449}.Release|x64.ActiveCfg = Release|x64
		{AF803D5B-212D-4B7C-B82B-D0EB4F0C7449}.Release|x64.Build.0 = Release|x64
		{AF803D5B-212D-4B7C-B82B-D0EB4F0C7449}.Release|x86.ActiveCfg = Release|Win32
		{AF803D5B-212D-4B7C-B82B-D0EB4F0C7449}.Release|x86.Build.0 = Release|Win32
		{DD29D479-2F1A-4F04-BA9B-1A3E5C4A97A8}.Debug|x64.ActiveCfg = Debug|x64
		{DD29D479-2F1A-4F04-BA9B-1A3E5C4A97A8}.Debug|x64.Build.0 = Debug|x64
		{DD29D479-2F1A-4F04-BA9B-1A3E5C4A97A8}.Debug|x86.ActiveCfg = Debug|Win32
		{DD29D479-2F1A-4F04-BA9B-1A3E5C4A97A8}.Debug|x86.Build.0 = Debug|Win32
		{DD29D479-2F1A-4F04-BA9B-1A3E5C4A97A8}.Release|x64.ActiveCfg = Release|x64
		{DD29D479-2F1A-4F04-BA9B-1A3E5C4A97A8}.Release|x64.Build.0 = Release|x64
		{DD29D479-2F1A-4F04-BA9B-1A3E5C4A97A8}.Release|x86.ActiveCfg = Release|Win32
		{DD29D479-2F1A-4F04-BA9B-1A3E5C4A97A8}.Release|x86.Build.0 = Release|Win32
		{24ACC40D-FE1D-4507-87FA-DC535097AD7C}.Debug|x64.ActiveCfg = Debug|x64
		{24ACC40D-FE1D-4507-87FA-DC535097AD7C}.Debug|x64.Build.0 = Debug|x64
		{24ACC40D-FE1D-4507-87FA-DC535097AD7C}.Debug|x86.ActiveCfg = Debug|Win32
		{24ACC40D-FE1D-4507-87FA-DC535097AD7C}.Debug|x86.Build.0 = Debug|Win32
		{24ACC40D-FE1D-4507-87FA-DC535097AD7C}.Release|x64.ActiveCfg = Release|x64
		{24ACC40D-FE1D-4507-87FA-DC535097AD7C}.Release|x64.Build.0 = Release|x64
		{24ACC40D-FE1D-4507-87FA-DC535097AD7C}.Release|x86.ActiveCfg = Release|Win32
		{24ACC40D-FE1D-4507-87FA-DC535097AD7C}.Release|x86.Build.0 = Release|Win32
		{DD8FAA57-C603-43E8-A2D1-1594CD310062}.Debug|x64.ActiveCfg = Debug|x64
		{DD8FAA57-C603-43E8-A2D1-1594CD310062}.Debug|x64.Build.0 = Debug|x64
		{DD8FAA57-C603-43E8-A2D1-1594CD310062}.Debug|x86.ActiveCfg = Debug|Win32
		{DD8FAA57-C603-43E8-A2D1-1594CD310062}.Debug|x86.Build.0 = Debug|Win32
		{DD8FAA57-C603-43E8-A2D1-1594CD310062}.Release|x64.ActiveCfg = Release|x64
		{DD8FAA57-C603-43E8-A2D1-1594CD310062}.Release|x64.Build.0 = Release|x64
		{DD8FAA57-C603-43E8-A2D1-1594CD310062}.Release|x86.ActiveCfg = Release|Win32
		{DD8FAA57-C603-43E8-A2D1-1594CD310062}.Release|x86.Build.0 = Release|Win32
		{F9080ECC-699B-4F14-BE39-AF1937E78F00}.Debug|x64.ActiveCfg = Debug|x64
		{F9080ECC-699B-4F14-BE39-AF1937E78F00}.Debug|x64.Build.0 = Debug|x64
		{F9080ECC-699B-4F14-BE39-AF1937E78F00}.Debug|x86.ActiveCfg = Debug|Win32
		{F9080ECC-699B-4F14-BE39-AF1937E78F00}.Debug|x86.Build.0 = Debug|Win32
		{F9080ECC-699B-4F14-BE39-AF1937E78F00}.Release|x64.ActiveCfg = Release|x64
		{F9080ECC-699B-4F14-BE39-AF1937E78F00}.Release|x64.Build.0 = Release|x64
		{F9080ECC-699B-4F14-BE39-AF1937E78F00}.Release|x86.ActiveCfg = Release|Win32
		{F9080ECC-699B-4F14-BE39-AF1937E78F00}.Release|x86.Build.0 = Release|Win32
		{6FB90168-1C59-4F6E-8705-94548B95AFAA}.Debug|x64.ActiveCfg = Debug|x64
		{6FB90168-1C59-4F6E-8705-94548B95AFAA}.Debug|x64.Build.0 = Debug|x64
		{6FB90168-1C59-4F6E-8705-94548B95AFAA}.Debug|x86.ActiveCfg = Debug|Win32
		{6FB90168-1C59-4F6E-8705-94548B95AFAA}.Debug|x86.Build.0 = Debug|Win32
		{6FB90168-1C59-4F6E-8705-94548B95AFAA}.Release|x64.ActiveCfg = Release|x64
		{6FB90168-1C59-4F6E-8705-94548B95AFAA}.Release|x64.Build.0 = Release|x64
		{6FB90168-1C59-4F6E-8705-94548B95AFAA}.Release|x86.ActiveCfg = Release|Win32
		{6FB90168-1C59-4F6E-8705-94548B95AFAA}.Release|x86.Build.0 = Release|Win32
		{667A9293-F863-4E51-94B0-442ED09ABF39}.Debug|x64.ActiveCfg = Debug|x64
		{667A9293-F863-4E51-94B0-442ED09ABF39}.Debug|x64.Build.0 = Debug|x64
		{667A9293-F863-4E51-94B0-442ED09ABF39}.Debug|x86.ActiveCfg = Debug|Win32
		{667A9293-F863-4E51-94B0-442ED09ABF39}.Debug|x86.Build.0 = Debug|Win32
		{667A9293-F863-4E51-94B0-442ED09ABF39}.Release|x64.ActiveCfg = Release|x64
		{667A9293-F863-4E51-94B0-442ED09ABF39}.Release|x64.Build.0 = Release|x64
		{667A9293-F863-4E51-94B0-442ED09ABF39}.Release|x86.ActiveCfg = Release|Win32
		{667A9293-F863-4E51-94B0-442ED09ABF39}.Release|x86.Build.0 = Release|Win32
		{3C1165EB-56FE-44E2-A383-670B8F332C37}.Debug|x64.ActiveCfg = Debug|x64
		{3C1165EB-56FE-44E2-A383-670B8F332C37}.Debug|x64.Build.0 = Debug|x64
		{3C1165EB-56FE-44E2-A383-670B8F332C37}.Debug|x86.ActiveCfg = Debug|Win32
		{3C1165EB-56FE-44E2-A383-670B8F332C37}.Debug|x86.Build.0 = Debug|Win32
		{3C1165EB-56FE-44E2-A383-670B8F332C37}.Release|x64.ActiveCfg = Release|x64
		{3C1165EB-56FE-44E2-A383-670B8F332C37}.Release|x64.Build.0 = Release|x64
		{3C1165EB-56FE-44E2-A383-670B8F332C37}.Release|x86.ActiveCfg = Release|Win32
		{3C1165EB-56FE-44E2-A383-670B8F332C37}.Release|x86.Build.0 = Release|Win32
		{67E5042B-B1DA-4900-AE30-9EB5E77317D3}.Debug|x64.ActiveCfg = Debug|x64
		{67E5042B-B1DA-4900-AE30-9EB5E77317D3}.Debug|x64.Build.0 = Debug|x64
		{67E5042B-B1DA-4900-AE30-9EB5E77317D3}.Debug|x86.ActiveCfg = Debug|Win32
		{67E5042B-B1DA-4900-AE30-9EB5E77317D3}.Debug|x86.Build.0 = Debug|Win32
		{67E5042B-B1DA-4900-AE30-9EB5E77317D3}.Release|x64.ActiveCfg = Release|x64
		{67E5042B-B1DA-4900-AE30-9EB5E77317D3}.Release|x64.Build.0 = Release|x64
		{67E5042B-B1DA-4900-AE30-9EB5E77317D3}.Release|x86.ActiveCfg = Release|Win32
		{67E5042B-B1DA-4900-AE30-9EB5E77317D3}.Release|x86.Build.0 = Release|Win32
		{DA38D76F-2DBE-4BF5-8C83-C6E2A6CB9E7E}.Debug|x64.ActiveCfg = Debug|x64
		{DA38D76F-2DBE-4BF5-8C83-C6E2A6CB9E7E}.Debug|x64.Build.0 = Debug|x64
		{DA38D76F-2DBE-4BF5-8C83-C6E2A6CB9E7E}.Debug|x86.ActiveCfg = Debug|Win32
		{DA38D76F-2DBE-4BF5-8C83-C6E2A6CB9E7E}.Debug|x86.Build.0 = Debug|Win32
		{DA38D76F-2DBE-4BF5-8C83-C6E2A6CB9E7E}.Release|x64.ActiveCfg = Release|x64
		{DA38D76F-2DBE-4BF5-8C83-C6E2A6CB9E7E}.Release|x64.Build.0 = Release|x64
		{DA38D76F-2DBE-4BF5-8C83-C6E2A6CB9E7E}.Release|x86.ActiveCfg = Release|Win32
		{DA38D76F-2DBE-4BF5-8C83-C6E2A6CB9E7E}.Release|x86.Build.0 = Release|Win32
		{51C392F9-20F7-470F-8372-A72CFD5C86CD}.Debug|x64.ActiveCfg = Debug|x64
		{51C392F9-20F7-470F-8372-A72CFD5C86CD}.Debug|x64.Build.0 = Debug|x64
		{51C392F9-20F7-470F-8372-A72CFD5C86CD}.Debug|x86.ActiveCfg = Debug|Win32
		{51C392F9-20F7-470F-8372-A72CFD5C86CD}.Debug|x86.Build.0 = Debug|Win32
		{51C392F9-20F7-470F-8372-A72CFD5C86CD}.Release|x64.ActiveCfg = Release|x64
		{51C392F9-20F7-470F-8372-A72CFD5C86CD}.Release|x64.Build.0 = Release|x64
		{51C392F9-20F7-470F-8372-A72CFD5C86CD}.Release|x86.ActiveCfg = Release|Win32
		{51C392F9-20F7-470F-8372-A72CFD5C86CD}.Release|x86.Build.0 = Release|Win32
		{CEFC275A-BDE6-40A8-99D4-47A86A0BFE00}.Debug|x64.ActiveCfg = Debug|x64
		{CEFC275A-BDE6-40A8-99D4-47A86A0BFE00}.Debug|x64.Build.0 = Debug|x64
		{CEFC275A-BDE6-40A8-99D4-47A86A0BFE00}.Debug|x86.ActiveCfg = Debug|Win32
		{CEFC275A-BDE6-40A8-99D4-47A86A0BFE00}.Debug|x86.Build.0 = Debug|Win32
		{CEFC275A-BDE6-40A8-99D4-47A86A0BFE00}.Release|x64.ActiveCfg = Release|x64
		{CEFC275A-BDE6-40A8-99D4-47A86A0BFE00}.Release|x64.Build.0 = Release|x64
		{CEFC275A-BDE6-40A8-99D4-47A86A0BFE00}.Release|x86.ActiveCfg = Release|Win32
		{CEFC275A-BDE6-40A8-99D4-47A86A0BFE00}.Release|x86.Build.0 = Release|Win32
		{9CBFDCB8-B2B4-4CAD-8ABE-DC20069C5B63}.Debug|x64.ActiveCfg = Debug|x64
		{9CBFDCB8-B2B4-4CAD-8ABE-DC20069C5B63}.Debug|x64.Build.0 = Debug|x64
		{9CBFDCB8-B2B4-4CAD-8ABE-DC20069C5B63}.Debug|x86.ActiveCfg = Debug|Win32
		{9CBFDCB8-B2B4-4CAD-8ABE-DC20069C5B63}.Debug|x86.Build.0 = Debug|Win32
		{9CBFDCB8-B2B4-4CAD-8ABE-DC20069C5B63}.Release|x64.ActiveCfg = Release|x64
		{9CBFDCB8-B2B4-4CAD-8ABE-DC20069C5B63}.Release|x64.Build.0 = Release|x64
		{9CBFDCB8-B2B4-4CAD-8ABE-DC20069C5B63}.Release|x86.ActiveCfg = Release|Win32
		{9CBFDCB8-B2B4-4CAD-8ABE-DC20069C5B63}.Release|x86.Build.0 = Release|Win32
		{7B81D913-5111-4268-992E-311178CF5577}.Debug|x64.ActiveCfg = Debug|x64
		{7B81D913-5111-4268-992E-311178CF5577}.Debug|x64.Build.0 = Debug|x64
		{7B81D913-5111-4268-992E-311178CF5577}.Debug|x86.ActiveCfg = Debug|Win32
		{7B81D913-5111-4268-992E-311178CF5577}.Debug|x86.Build.0 = Debug|Win32
		{7B81D913-5111-4268-992E-311178CF5577}.Release|x64.ActiveCfg = Release|x64
		{7B81D913-5111-4268-992E-311178CF5577}.Release|x64.Build.0 = Release|x64
		{7B81D913-5111-4268-992E-311178CF5577}.Release|x86.ActiveCfg = Release|Win32
		{7B81D913-5111-4268-992E-311178CF5577}.Release|x86.Build.0 = Release|Win32
	EndGlobalSection
	GlobalSection(SolutionProperties) = preSolution
		HideSolutionNode = FALSE
	EndGlobalSection
	GlobalSection(ExtensibilityGlobals) = postSolution
		SolutionGuid = {7A074F06-915D-4778-8E6B-7C3F01DCCE1C}
	EndGlobalSection
EndGlobal
