
Microsoft Visual Studio Solution File, Format Version 12.00
# Visual Studio Version 16
VisualStudioVersion = 16.0.31424.327
MinimumVisualStudioVersion = 10.0.40219.1
Project("{8BC9CEB8-8B4A-11D0-8D11-00A0C91BC942}") = "11Dalton", "11Dalton\11Dalton.vcxproj", "{79710553-8064-4AED-86E3-33541F963C97}"
EndProject
Project("{8BC9CEB8-8B4A-11D0-8D11-00A0C91BC942}") = "12Temperaturas", "12Temperaturas\12Temperaturas.vcxproj", "{784C8627-4502-4076-9561-BD8018E86F96}"
EndProject
Project("{8BC9CEB8-8B4A-11D0-8D11-00A0C91BC942}") = "24Anagramas", "24Anagramas\24Anagramas.vcxproj", "{3F2602FF-2219-4652-B4AF-C5AB9CE40726}"
EndProject
Project("{8BC9CEB8-8B4A-11D0-8D11-00A0C91BC942}") = "01HelloWorld", "01HelloWorld\01HelloWorld.vcxproj", "{58B19CB1-2AC9-4EE9-932E-C5901C10F72E}"
EndProject
Project("{8BC9CEB8-8B4A-11D0-8D11-00A0C91BC942}") = "0aDuplicador", "0aDuplicador\0aDuplicador.vcxproj", "{A3094155-F47A-43C5-9900-1B69BC3C9469}"
EndProject
Project("{8BC9CEB8-8B4A-11D0-8D11-00A0C91BC942}") = "0bDuplicador", "0bDuplicador\0bDuplicador.vcxproj", "{DFC648F9-D74E-4139-88F7-418CBE77B385}"
EndProject
Project("{8BC9CEB8-8B4A-11D0-8D11-00A0C91BC942}") = "13Division", "13Division\13Division.vcxproj", "{F62E91A0-64DD-482B-8828-BA9152107009}"
EndProject
Project("{8BC9CEB8-8B4A-11D0-8D11-00A0C91BC942}") = "21Complementarios", "21Complementarios\21Complementarios.vcxproj", "{CCBEF650-1E33-40BE-A95C-05F8EA1CD20F}"
EndProject
Project("{8BC9CEB8-8B4A-11D0-8D11-00A0C91BC942}") = "23ParcialOrdenado", "23ParcialOrdenado\23ParcialOrdenado.vcxproj", "{08132BA5-468E-4B67-B639-595FA2395D3D}"
EndProject
Project("{8BC9CEB8-8B4A-11D0-8D11-00A0C91BC942}") = "210ElementoPerdido", "210ElementoPerdido\210ElementoPerdido.vcxproj", "{442FB211-6633-4931-B29A-45862B7A0EDE}"
EndProject
Project("{8BC9CEB8-8B4A-11D0-8D11-00A0C91BC942}") = "22SuficienteDisperso", "22SuficienteDisperso\22SuficienteDisperso.vcxproj", "{4BD14E45-F1B9-4555-B71D-1F09EECEA850}"
EndProject
Project("{8BC9CEB8-8B4A-11D0-8D11-00A0C91BC942}") = "317Concierto", "317Concierto\317Concierto.vcxproj", "{7E3BDFBA-48E5-4FCE-A02E-0B1B858464B6}"
EndProject
Project("{8BC9CEB8-8B4A-11D0-8D11-00A0C91BC942}") = "405MenoresSet", "405MenoresSet\405MenoresSet.vcxproj", "{CA3E9493-6B9F-4EAA-9E17-6F6FB4A277EA}"
EndProject
Project("{8BC9CEB8-8B4A-11D0-8D11-00A0C91BC942}") = "406Contiene", "406Contiene\406Contiene.vcxproj", "{AF803D5B-212D-4B7C-B82B-D0EB4F0C7449}"
EndProject
Global
	GlobalSection(SolutionConfigurationPlatforms) = preSolution
		Debug|x64 = Debug|x64
		Debug|x86 = Debug|x86
		Release|x64 = Release|x64
		Release|x86 = Release|x86
	EndGlobalSection
	GlobalSection(ProjectConfigurationPlatforms) = postSolution
		{79710553-8064-4AED-86E3-33541F963C97}.Debug|x64.ActiveCfg = Debug|x64
		{79710553-8064-4AED-86E3-33541F963C97}.Debug|x64.Build.0 = Debug|x64
		{79710553-8064-4AED-86E3-33541F963C97}.Debug|x86.ActiveCfg = Debug|Win32
		{79710553-8064-4AED-86E3-33541F963C97}.Debug|x86.Build.0 = Debug|Win32
		{79710553-8064-4AED-86E3-33541F963C97}.Release|x64.ActiveCfg = Release|x64
		{79710553-8064-4AED-86E3-33541F963C97}.Release|x64.Build.0 = Release|x64
		{79710553-8064-4AED-86E3-33541F963C97}.Release|x86.ActiveCfg = Release|Win32
		{79710553-8064-4AED-86E3-33541F963C97}.Release|x86.Build.0 = Release|Win32
		{784C8627-4502-4076-9561-BD8018E86F96}.Debug|x64.ActiveCfg = Debug|x64
		{784C8627-4502-4076-9561-BD8018E86F96}.Debug|x64.Build.0 = Debug|x64
		{784C8627-4502-4076-9561-BD8018E86F96}.Debug|x86.ActiveCfg = Debug|Win32
		{784C8627-4502-4076-9561-BD8018E86F96}.Debug|x86.Build.0 = Debug|Win32
		{784C8627-4502-4076-9561-BD8018E86F96}.Release|x64.ActiveCfg = Release|x64
		{784C8627-4502-4076-9561-BD8018E86F96}.Release|x64.Build.0 = Release|x64
		{784C8627-4502-4076-9561-BD8018E86F96}.Release|x86.ActiveCfg = Release|Win32
		{784C8627-4502-4076-9561-BD8018E86F96}.Release|x86.Build.0 = Release|Win32
		{3F2602FF-2219-4652-B4AF-C5AB9CE40726}.Debug|x64.ActiveCfg = Debug|x64
		{3F2602FF-2219-4652-B4AF-C5AB9CE40726}.Debug|x64.Build.0 = Debug|x64
		{3F2602FF-2219-4652-B4AF-C5AB9CE40726}.Debug|x86.ActiveCfg = Debug|Win32
		{3F2602FF-2219-4652-B4AF-C5AB9CE40726}.Debug|x86.Build.0 = Debug|Win32
		{3F2602FF-2219-4652-B4AF-C5AB9CE40726}.Release|x64.ActiveCfg = Release|x64
		{3F2602FF-2219-4652-B4AF-C5AB9CE40726}.Release|x64.Build.0 = Release|x64
		{3F2602FF-2219-4652-B4AF-C5AB9CE40726}.Release|x86.ActiveCfg = Release|Win32
		{3F2602FF-2219-4652-B4AF-C5AB9CE40726}.Release|x86.Build.0 = Release|Win32
		{58B19CB1-2AC9-4EE9-932E-C5901C10F72E}.Debug|x64.ActiveCfg = Debug|x64
		{58B19CB1-2AC9-4EE9-932E-C5901C10F72E}.Debug|x64.Build.0 = Debug|x64
		{58B19CB1-2AC9-4EE9-932E-C5901C10F72E}.Debug|x86.ActiveCfg = Debug|Win32
		{58B19CB1-2AC9-4EE9-932E-C5901C10F72E}.Debug|x86.Build.0 = Debug|Win32
		{58B19CB1-2AC9-4EE9-932E-C5901C10F72E}.Release|x64.ActiveCfg = Release|x64
		{58B19CB1-2AC9-4EE9-932E-C5901C10F72E}.Release|x64.Build.0 = Release|x64
		{58B19CB1-2AC9-4EE9-932E-C5901C10F72E}.Release|x86.ActiveCfg = Release|Win32
		{58B19CB1-2AC9-4EE9-932E-C5901C10F72E}.Release|x86.Build.0 = Release|Win32
		{A3094155-F47A-43C5-9900-1B69BC3C9469}.Debug|x64.ActiveCfg = Debug|x64
		{A3094155-F47A-43C5-9900-1B69BC3C9469}.Debug|x64.Build.0 = Debug|x64
		{A3094155-F47A-43C5-9900-1B69BC3C9469}.Debug|x86.ActiveCfg = Debug|Win32
		{A3094155-F47A-43C5-9900-1B69BC3C9469}.Debug|x86.Build.0 = Debug|Win32
		{A3094155-F47A-43C5-9900-1B69BC3C9469}.Release|x64.ActiveCfg = Release|x64
		{A3094155-F47A-43C5-9900-1B69BC3C9469}.Release|x64.Build.0 = Release|x64
		{A3094155-F47A-43C5-9900-1B69BC3C9469}.Release|x86.ActiveCfg = Release|Win32
		{A3094155-F47A-43C5-9900-1B69BC3C9469}.Release|x86.Build.0 = Release|Win32
		{DFC648F9-D74E-4139-88F7-418CBE77B385}.Debug|x64.ActiveCfg = Debug|x64
		{DFC648F9-D74E-4139-88F7-418CBE77B385}.Debug|x64.Build.0 = Debug|x64
		{DFC648F9-D74E-4139-88F7-418CBE77B385}.Debug|x86.ActiveCfg = Debug|Win32
		{DFC648F9-D74E-4139-88F7-418CBE77B385}.Debug|x86.Build.0 = Debug|Win32
		{DFC648F9-D74E-4139-88F7-418CBE77B385}.Release|x64.ActiveCfg = Release|x64
		{DFC648F9-D74E-4139-88F7-418CBE77B385}.Release|x64.Build.0 = Release|x64
		{DFC648F9-D74E-4139-88F7-418CBE77B385}.Release|x86.ActiveCfg = Release|Win32
		{DFC648F9-D74E-4139-88F7-418CBE77B385}.Release|x86.Build.0 = Release|Win32
		{F62E91A0-64DD-482B-8828-BA9152107009}.Debug|x64.ActiveCfg = Debug|x64
		{F62E91A0-64DD-482B-8828-BA9152107009}.Debug|x64.Build.0 = Debug|x64
		{F62E91A0-64DD-482B-8828-BA9152107009}.Debug|x86.ActiveCfg = Debug|Win32
		{F62E91A0-64DD-482B-8828-BA9152107009}.Debug|x86.Build.0 = Debug|Win32
		{F62E91A0-64DD-482B-8828-BA9152107009}.Release|x64.ActiveCfg = Release|x64
		{F62E91A0-64DD-482B-8828-BA9152107009}.Release|x64.Build.0 = Release|x64
		{F62E91A0-64DD-482B-8828-BA9152107009}.Release|x86.ActiveCfg = Release|Win32
		{F62E91A0-64DD-482B-8828-BA9152107009}.Release|x86.Build.0 = Release|Win32
		{CCBEF650-1E33-40BE-A95C-05F8EA1CD20F}.Debug|x64.ActiveCfg = Debug|x64
		{CCBEF650-1E33-40BE-A95C-05F8EA1CD20F}.Debug|x64.Build.0 = Debug|x64
		{CCBEF650-1E33-40BE-A95C-05F8EA1CD20F}.Debug|x86.ActiveCfg = Debug|Win32
		{CCBEF650-1E33-40BE-A95C-05F8EA1CD20F}.Debug|x86.Build.0 = Debug|Win32
		{CCBEF650-1E33-40BE-A95C-05F8EA1CD20F}.Release|x64.ActiveCfg = Release|x64
		{CCBEF650-1E33-40BE-A95C-05F8EA1CD20F}.Release|x64.Build.0 = Release|x64
		{CCBEF650-1E33-40BE-A95C-05F8EA1CD20F}.Release|x86.ActiveCfg = Release|Win32
		{CCBEF650-1E33-40BE-A95C-05F8EA1CD20F}.Release|x86.Build.0 = Release|Win32
		{08132BA5-468E-4B67-B639-595FA2395D3D}.Debug|x64.ActiveCfg = Debug|x64
		{08132BA5-468E-4B67-B639-595FA2395D3D}.Debug|x64.Build.0 = Debug|x64
		{08132BA5-468E-4B67-B639-595FA2395D3D}.Debug|x86.ActiveCfg = Debug|Win32
		{08132BA5-468E-4B67-B639-595FA2395D3D}.Debug|x86.Build.0 = Debug|Win32
		{08132BA5-468E-4B67-B639-595FA2395D3D}.Release|x64.ActiveCfg = Release|x64
		{08132BA5-468E-4B67-B639-595FA2395D3D}.Release|x64.Build.0 = Release|x64
		{08132BA5-468E-4B67-B639-595FA2395D3D}.Release|x86.ActiveCfg = Release|Win32
		{08132BA5-468E-4B67-B639-595FA2395D3D}.Release|x86.Build.0 = Release|Win32
		{442FB211-6633-4931-B29A-45862B7A0EDE}.Debug|x64.ActiveCfg = Debug|x64
		{442FB211-6633-4931-B29A-45862B7A0EDE}.Debug|x64.Build.0 = Debug|x64
		{442FB211-6633-4931-B29A-45862B7A0EDE}.Debug|x86.ActiveCfg = Debug|Win32
		{442FB211-6633-4931-B29A-45862B7A0EDE}.Debug|x86.Build.0 = Debug|Win32
		{442FB211-6633-4931-B29A-45862B7A0EDE}.Release|x64.ActiveCfg = Release|x64
		{442FB211-6633-4931-B29A-45862B7A0EDE}.Release|x64.Build.0 = Release|x64
		{442FB211-6633-4931-B29A-45862B7A0EDE}.Release|x86.ActiveCfg = Release|Win32
		{442FB211-6633-4931-B29A-45862B7A0EDE}.Release|x86.Build.0 = Release|Win32
		{4BD14E45-F1B9-4555-B71D-1F09EECEA850}.Debug|x64.ActiveCfg = Debug|x64
		{4BD14E45-F1B9-4555-B71D-1F09EECEA850}.Debug|x64.Build.0 = Debug|x64
		{4BD14E45-F1B9-4555-B71D-1F09EECEA850}.Debug|x86.ActiveCfg = Debug|Win32
		{4BD14E45-F1B9-4555-B71D-1F09EECEA850}.Debug|x86.Build.0 = Debug|Win32
		{4BD14E45-F1B9-4555-B71D-1F09EECEA850}.Release|x64.ActiveCfg = Release|x64
		{4BD14E45-F1B9-4555-B71D-1F09EECEA850}.Release|x64.Build.0 = Release|x64
		{4BD14E45-F1B9-4555-B71D-1F09EECEA850}.Release|x86.ActiveCfg = Release|Win32
		{4BD14E45-F1B9-4555-B71D-1F09EECEA850}.Release|x86.Build.0 = Release|Win32
		{7E3BDFBA-48E5-4FCE-A02E-0B1B858464B6}.Debug|x64.ActiveCfg = Debug|x64
		{7E3BDFBA-48E5-4FCE-A02E-0B1B858464B6}.Debug|x64.Build.0 = Debug|x64
		{7E3BDFBA-48E5-4FCE-A02E-0B1B858464B6}.Debug|x86.ActiveCfg = Debug|Win32
		{7E3BDFBA-48E5-4FCE-A02E-0B1B858464B6}.Debug|x86.Build.0 = Debug|Win32
		{7E3BDFBA-48E5-4FCE-A02E-0B1B858464B6}.Release|x64.ActiveCfg = Release|x64
		{7E3BDFBA-48E5-4FCE-A02E-0B1B858464B6}.Release|x64.Build.0 = Release|x64
		{7E3BDFBA-48E5-4FCE-A02E-0B1B858464B6}.Release|x86.ActiveCfg = Release|Win32
		{7E3BDFBA-48E5-4FCE-A02E-0B1B858464B6}.Release|x86.Build.0 = Release|Win32
		{CA3E9493-6B9F-4EAA-9E17-6F6FB4A277EA}.Debug|x64.ActiveCfg = Debug|x64
		{CA3E9493-6B9F-4EAA-9E17-6F6FB4A277EA}.Debug|x64.Build.0 = Debug|x64
		{CA3E9493-6B9F-4EAA-9E17-6F6FB4A277EA}.Debug|x86.ActiveCfg = Debug|Win32
		{CA3E9493-6B9F-4EAA-9E17-6F6FB4A277EA}.Debug|x86.Build.0 = Debug|Win32
		{CA3E9493-6B9F-4EAA-9E17-6F6FB4A277EA}.Release|x64.ActiveCfg = Release|x64
		{CA3E9493-6B9F-4EAA-9E17-6F6FB4A277EA}.Release|x64.Build.0 = Release|x64
		{CA3E9493-6B9F-4EAA-9E17-6F6FB4A277EA}.Release|x86.ActiveCfg = Release|Win32
		{CA3E9493-6B9F-4EAA-9E17-6F6FB4A277EA}.Release|x86.Build.0 = Release|Win32
		{AF803D5B-212D-4B7C-B82B-D0EB4F0C7449}.Debug|x64.ActiveCfg = Debug|x64
		{AF803D5B-212D-4B7C-B82B-D0EB4F0C7449}.Debug|x64.Build.0 = Debug|x64
		{AF803D5B-212D-4B7C-B82B-D0EB4F0C7449}.Debug|x86.ActiveCfg = Debug|Win32
		{AF803D5B-212D-4B7C-B82B-D0EB4F0C7449}.Debug|x86.Build.0 = Debug|Win32
		{AF803D5B-212D-4B7C-B82B-D0EB4F0C7449}.Release|x64.ActiveCfg = Release|x64
		{AF803D5B-212D-4B7C-B82B-D0EB4F0C7449}.Release|x64.Build.0 = Release|x64
		{AF803D5B-212D-4B7C-B82B-D0EB4F0C7449}.Release|x86.ActiveCfg = Release|Win32
		{AF803D5B-212D-4B7C-B82B-D0EB4F0C7449}.Release|x86.Build.0 = Release|Win32
	EndGlobalSection
	GlobalSection(SolutionProperties) = preSolution
		HideSolutionNode = FALSE
	EndGlobalSection
	GlobalSection(ExtensibilityGlobals) = postSolution
		SolutionGuid = {7A074F06-915D-4778-8E6B-7C3F01DCCE1C}
	EndGlobalSection
EndGlobal
